
Microsoft Visual Studio Solution File, Format Version 12.00
# Visual Studio 2012
Project("{FAE04EC0-301F-11D3-BF4B-00C04F79EFBC}") = "RavenBooks", "RavenBooks\RavenBooks.csproj", "{389D3F53-C437-4682-81A8-37EC8B36A597}"
EndProject
Global
	GlobalSection(SolutionConfigurationPlatforms) = preSolution
		Debug|Any CPU = Debug|Any CPU
		Release|Any CPU = Release|Any CPU
	EndGlobalSection
	GlobalSection(ProjectConfigurationPlatforms) = postSolution
		{389D3F53-C437-4682-81A8-37EC8B36A597}.Debug|Any CPU.ActiveCfg = Debug|Any CPU
		{389D3F53-C437-4682-81A8-37EC8B36A597}.Debug|Any CPU.Build.0 = Debug|Any CPU
		{389D3F53-C437-4682-81A8-37EC8B36A597}.Release|Any CPU.ActiveCfg = Release|Any CPU
		{389D3F53-C437-4682-81A8-37EC8B36A597}.Release|Any CPU.Build.0 = Release|Any CPU
	EndGlobalSection
	GlobalSection(SolutionProperties) = preSolution
		HideSolutionNode = FALSE
	EndGlobalSection
EndGlobal
